
Microsoft Visual Studio Solution File, Format Version 12.00
# Visual Studio Version 17
VisualStudioVersion = 17.8.34330.188
MinimumVisualStudioVersion = 10.0.40219.1
Project("{F184B08F-C81C-45F6-A57F-5ABD9991F28F}") = "dd4WINGUI", "dd4WINGUI\dd4WINGUI.vbproj", "{3177DCFF-1E06-44EC-95AF-91086F3993B6}"
EndProject
Global
	GlobalSection(SolutionConfigurationPlatforms) = preSolution
		Debug|Any CPU = Debug|Any CPU
		Release|Any CPU = Release|Any CPU
	EndGlobalSection
	GlobalSection(ProjectConfigurationPlatforms) = postSolution
		{3177DCFF-1E06-44EC-95AF-91086F3993B6}.Debug|Any CPU.ActiveCfg = Debug|Any CPU
		{3177DCFF-1E06-44EC-95AF-91086F3993B6}.Debug|Any CPU.Build.0 = Debug|Any CPU
		{3177DCFF-1E06-44EC-95AF-91086F3993B6}.Release|Any CPU.ActiveCfg = Release|Any CPU
		{3177DCFF-1E06-44EC-95AF-91086F3993B6}.Release|Any CPU.Build.0 = Release|Any CPU
	EndGlobalSection
	GlobalSection(SolutionProperties) = preSolution
		HideSolutionNode = FALSE
	EndGlobalSection
	GlobalSection(ExtensibilityGlobals) = postSolution
		SolutionGuid = {6F5BD9B7-26C4-4A41-B499-EFFE0375B79C}
	EndGlobalSection
EndGlobal
